
Microsoft Visual Studio Solution File, Format Version 12.00
# Visual Studio Version 16
VisualStudioVersion = 16.0.31613.86
MinimumVisualStudioVersion = 10.0.40219.1
Project("{FAE04EC0-301F-11D3-BF4B-00C04F79EFBC}") = "Actividad8.UWP", "Actividad8\Actividad8.UWP\Actividad8.UWP.csproj", "{CE192BB1-A44B-4F7F-8387-1FD65F9CC856}"
EndProject
Project("{FAE04EC0-301F-11D3-BF4B-00C04F79EFBC}") = "Actividad8.Android", "Actividad8\Actividad8.Android\Actividad8.Android.csproj", "{A855869B-410F-4CB9-937C-FA7F10F2796C}"
EndProject
Project("{FAE04EC0-301F-11D3-BF4B-00C04F79EFBC}") = "Actividad8.iOS", "Actividad8\Actividad8.iOS\Actividad8.iOS.csproj", "{D85146E0-63BD-4F94-80B3-BAFB476A1716}"
EndProject
Project("{FAE04EC0-301F-11D3-BF4B-00C04F79EFBC}") = "Actividad8", "Actividad8\Actividad8\Actividad8.csproj", "{64A2591D-36F2-444B-8861-2F6798141525}"
EndProject
Global
	GlobalSection(SolutionConfigurationPlatforms) = preSolution
		Debug|Any CPU = Debug|Any CPU
		Debug|ARM = Debug|ARM
		Debug|iPhone = Debug|iPhone
		Debug|iPhoneSimulator = Debug|iPhoneSimulator
		Debug|x64 = Debug|x64
		Debug|x86 = Debug|x86
		Release|Any CPU = Release|Any CPU
		Release|ARM = Release|ARM
		Release|iPhone = Release|iPhone
		Release|iPhoneSimulator = Release|iPhoneSimulator
		Release|x64 = Release|x64
		Release|x86 = Release|x86
	EndGlobalSection
	GlobalSection(ProjectConfigurationPlatforms) = postSolution
		{CE192BB1-A44B-4F7F-8387-1FD65F9CC856}.Debug|Any CPU.ActiveCfg = Debug|x86
		{CE192BB1-A44B-4F7F-8387-1FD65F9CC856}.Debug|Any CPU.Build.0 = Debug|x86
		{CE192BB1-A44B-4F7F-8387-1FD65F9CC856}.Debug|Any CPU.Deploy.0 = Debug|x86
		{CE192BB1-A44B-4F7F-8387-1FD65F9CC856}.Debug|ARM.ActiveCfg = Debug|ARM
		{CE192BB1-A44B-4F7F-8387-1FD65F9CC856}.Debug|ARM.Build.0 = Debug|ARM
		{CE192BB1-A44B-4F7F-8387-1FD65F9CC856}.Debug|ARM.Deploy.0 = Debug|ARM
		{CE192BB1-A44B-4F7F-8387-1FD65F9CC856}.Debug|iPhone.ActiveCfg = Debug|x86
		{CE192BB1-A44B-4F7F-8387-1FD65F9CC856}.Debug|iPhone.Build.0 = Debug|x86
		{CE192BB1-A44B-4F7F-8387-1FD65F9CC856}.Debug|iPhone.Deploy.0 = Debug|x86
		{CE192BB1-A44B-4F7F-8387-1FD65F9CC856}.Debug|iPhoneSimulator.ActiveCfg = Debug|x86
		{CE192BB1-A44B-4F7F-8387-1FD65F9CC856}.Debug|iPhoneSimulator.Build.0 = Debug|x86
		{CE192BB1-A44B-4F7F-8387-1FD65F9CC856}.Debug|iPhoneSimulator.Deploy.0 = Debug|x86
		{CE192BB1-A44B-4F7F-8387-1FD65F9CC856}.Debug|x64.ActiveCfg = Debug|x64
		{CE192BB1-A44B-4F7F-8387-1FD65F9CC856}.Debug|x64.Build.0 = Debug|x64
		{CE192BB1-A44B-4F7F-8387-1FD65F9CC856}.Debug|x64.Deploy.0 = Debug|x64
		{CE192BB1-A44B-4F7F-8387-1FD65F9CC856}.Debug|x86.ActiveCfg = Debug|x86
		{CE192BB1-A44B-4F7F-8387-1FD65F9CC856}.Debug|x86.Build.0 = Debug|x86
		{CE192BB1-A44B-4F7F-8387-1FD65F9CC856}.Debug|x86.Deploy.0 = Debug|x86
		{CE192BB1-A44B-4F7F-8387-1FD65F9CC856}.Release|Any CPU.ActiveCfg = Release|x86
		{CE192BB1-A44B-4F7F-8387-1FD65F9CC856}.Release|Any CPU.Build.0 = Release|x86
		{CE192BB1-A44B-4F7F-8387-1FD65F9CC856}.Release|Any CPU.Deploy.0 = Release|x86
		{CE192BB1-A44B-4F7F-8387-1FD65F9CC856}.Release|ARM.ActiveCfg = Release|ARM
		{CE192BB1-A44B-4F7F-8387-1FD65F9CC856}.Release|ARM.Build.0 = Release|ARM
		{CE192BB1-A44B-4F7F-8387-1FD65F9CC856}.Release|ARM.Deploy.0 = Release|ARM
		{CE192BB1-A44B-4F7F-8387-1FD65F9CC856}.Release|iPhone.ActiveCfg = Release|x86
		{CE192BB1-A44B-4F7F-8387-1FD65F9CC856}.Release|iPhone.Build.0 = Release|x86
		{CE192BB1-A44B-4F7F-8387-1FD65F9CC856}.Release|iPhone.Deploy.0 = Release|x86
		{CE192BB1-A44B-4F7F-8387-1FD65F9CC856}.Release|iPhoneSimulator.ActiveCfg = Release|x86
		{CE192BB1-A44B-4F7F-8387-1FD65F9CC856}.Release|iPhoneSimulator.Build.0 = Release|x86
		{CE192BB1-A44B-4F7F-8387-1FD65F9CC856}.Release|iPhoneSimulator.Deploy.0 = Release|x86
		{CE192BB1-A44B-4F7F-8387-1FD65F9CC856}.Release|x64.ActiveCfg = Release|x64
		{CE192BB1-A44B-4F7F-8387-1FD65F9CC856}.Release|x64.Build.0 = Release|x64
		{CE192BB1-A44B-4F7F-8387-1FD65F9CC856}.Release|x64.Deploy.0 = Release|x64
		{CE192BB1-A44B-4F7F-8387-1FD65F9CC856}.Release|x86.ActiveCfg = Release|x86
		{CE192BB1-A44B-4F7F-8387-1FD65F9CC856}.Release|x86.Build.0 = Release|x86
		{CE192BB1-A44B-4F7F-8387-1FD65F9CC856}.Release|x86.Deploy.0 = Release|x86
		{A855869B-410F-4CB9-937C-FA7F10F2796C}.Debug|Any CPU.ActiveCfg = Debug|Any CPU
		{A855869B-410F-4CB9-937C-FA7F10F2796C}.Debug|Any CPU.Build.0 = Debug|Any CPU
		{A855869B-410F-4CB9-937C-FA7F10F2796C}.Debug|Any CPU.Deploy.0 = Debug|Any CPU
		{A855869B-410F-4CB9-937C-FA7F10F2796C}.Debug|ARM.ActiveCfg = Debug|Any CPU
		{A855869B-410F-4CB9-937C-FA7F10F2796C}.Debug|ARM.Build.0 = Debug|Any CPU
		{A855869B-410F-4CB9-937C-FA7F10F2796C}.Debug|ARM.Deploy.0 = Debug|Any CPU
		{A855869B-410F-4CB9-937C-FA7F10F2796C}.Debug|iPhone.ActiveCfg = Debug|Any CPU
		{A855869B-410F-4CB9-937C-FA7F10F2796C}.Debug|iPhone.Build.0 = Debug|Any CPU
		{A855869B-410F-4CB9-937C-FA7F10F2796C}.Debug|iPhone.Deploy.0 = Debug|Any CPU
		{A855869B-410F-4CB9-937C-FA7F10F2796C}.Debug|iPhoneSimulator.ActiveCfg = Debug|Any CPU
		{A855869B-410F-4CB9-937C-FA7F10F2796C}.Debug|iPhoneSimulator.Build.0 = Debug|Any CPU
		{A855869B-410F-4CB9-937C-FA7F10F2796C}.Debug|iPhoneSimulator.Deploy.0 = Debug|Any CPU
		{A855869B-410F-4CB9-937C-FA7F10F2796C}.Debug|x64.ActiveCfg = Debug|Any CPU
		{A855869B-410F-4CB9-937C-FA7F10F2796C}.Debug|x64.Build.0 = Debug|Any CPU
		{A855869B-410F-4CB9-937C-FA7F10F2796C}.Debug|x64.Deploy.0 = Debug|Any CPU
		{A855869B-410F-4CB9-937C-FA7F10F2796C}.Debug|x86.ActiveCfg = Debug|Any CPU
		{A855869B-410F-4CB9-937C-FA7F10F2796C}.Debug|x86.Build.0 = Debug|Any CPU
		{A855869B-410F-4CB9-937C-FA7F10F2796C}.Debug|x86.Deploy.0 = Debug|Any CPU
		{A855869B-410F-4CB9-937C-FA7F10F2796C}.Release|Any CPU.ActiveCfg = Release|Any CPU
		{A855869B-410F-4CB9-937C-FA7F10F2796C}.Release|Any CPU.Build.0 = Release|Any CPU
		{A855869B-410F-4CB9-937C-FA7F10F2796C}.Release|Any CPU.Deploy.0 = Release|Any CPU
		{A855869B-410F-4CB9-937C-FA7F10F2796C}.Release|ARM.ActiveCfg = Release|Any CPU
		{A855869B-410F-4CB9-937C-FA7F10F2796C}.Release|ARM.Build.0 = Release|Any CPU
		{A855869B-410F-4CB9-937C-FA7F10F2796C}.Release|ARM.Deploy.0 = Release|Any CPU
		{A855869B-410F-4CB9-937C-FA7F10F2796C}.Release|iPhone.ActiveCfg = Release|Any CPU
		{A855869B-410F-4CB9-937C-FA7F10F2796C}.Release|iPhone.Build.0 = Release|Any CPU
		{A855869B-410F-4CB9-937C-FA7F10F2796C}.Release|iPhone.Deploy.0 = Release|Any CPU
		{A855869B-410F-4CB9-937C-FA7F10F2796C}.Release|iPhoneSimulator.ActiveCfg = Release|Any CPU
		{A855869B-410F-4CB9-937C-FA7F10F2796C}.Release|iPhoneSimulator.Build.0 = Release|Any CPU
		{A855869B-410F-4CB9-937C-FA7F10F2796C}.Release|iPhoneSimulator.Deploy.0 = Release|Any CPU
		{A855869B-410F-4CB9-937C-FA7F10F2796C}.Release|x64.ActiveCfg = Release|Any CPU
		{A855869B-410F-4CB9-937C-FA7F10F2796C}.Release|x64.Build.0 = Release|Any CPU
		{A855869B-410F-4CB9-937C-FA7F10F2796C}.Release|x64.Deploy.0 = Release|Any CPU
		{A855869B-410F-4CB9-937C-FA7F10F2796C}.Release|x86.ActiveCfg = Release|Any CPU
		{A855869B-410F-4CB9-937C-FA7F10F2796C}.Release|x86.Build.0 = Release|Any CPU
		{A855869B-410F-4CB9-937C-FA7F10F2796C}.Release|x86.Deploy.0 = Release|Any CPU
		{D85146E0-63BD-4F94-80B3-BAFB476A1716}.Debug|Any CPU.ActiveCfg = Debug|iPhoneSimulator
		{D85146E0-63BD-4F94-80B3-BAFB476A1716}.Debug|Any CPU.Build.0 = Debug|iPhoneSimulator
		{D85146E0-63BD-4F94-80B3-BAFB476A1716}.Debug|Any CPU.Deploy.0 = Debug|iPhoneSimulator
		{D85146E0-63BD-4F94-80B3-BAFB476A1716}.Debug|ARM.ActiveCfg = Debug|iPhone
		{D85146E0-63BD-4F94-80B3-BAFB476A1716}.Debug|ARM.Build.0 = Debug|iPhone
		{D85146E0-63BD-4F94-80B3-BAFB476A1716}.Debug|ARM.Deploy.0 = Debug|iPhone
		{D85146E0-63BD-4F94-80B3-BAFB476A1716}.Debug|iPhone.ActiveCfg = Debug|iPhone
		{D85146E0-63BD-4F94-80B3-BAFB476A1716}.Debug|iPhone.Build.0 = Debug|iPhone
		{D85146E0-63BD-4F94-80B3-BAFB476A1716}.Debug|iPhone.Deploy.0 = Debug|iPhone
		{D85146E0-63BD-4F94-80B3-BAFB476A1716}.Debug|iPhoneSimulator.ActiveCfg = Debug|iPhoneSimulator
		{D85146E0-63BD-4F94-80B3-BAFB476A1716}.Debug|iPhoneSimulator.Build.0 = Debug|iPhoneSimulator
		{D85146E0-63BD-4F94-80B3-BAFB476A1716}.Debug|iPhoneSimulator.Deploy.0 = Debug|iPhoneSimulator
		{D85146E0-63BD-4F94-80B3-BAFB476A1716}.Debug|x64.ActiveCfg = Debug|iPhoneSimulator
		{D85146E0-63BD-4F94-80B3-BAFB476A1716}.Debug|x64.Build.0 = Debug|iPhoneSimulator
		{D85146E0-63BD-4F94-80B3-BAFB476A1716}.Debug|x64.Deploy.0 = Debug|iPhoneSimulator
		{D85146E0-63BD-4F94-80B3-BAFB476A1716}.Debug|x86.ActiveCfg = Debug|iPhoneSimulator
		{D85146E0-63BD-4F94-80B3-BAFB476A1716}.Debug|x86.Build.0 = Debug|iPhoneSimulator
		{D85146E0-63BD-4F94-80B3-BAFB476A1716}.Debug|x86.Deploy.0 = Debug|iPhoneSimulator
		{D85146E0-63BD-4F94-80B3-BAFB476A1716}.Release|Any CPU.ActiveCfg = Release|iPhoneSimulator
		{D85146E0-63BD-4F94-80B3-BAFB476A1716}.Release|Any CPU.Build.0 = Release|iPhoneSimulator
		{D85146E0-63BD-4F94-80B3-BAFB476A1716}.Release|Any CPU.Deploy.0 = Release|iPhoneSimulator
		{D85146E0-63BD-4F94-80B3-BAFB476A1716}.Release|ARM.ActiveCfg = Release|iPhoneSimulator
		{D85146E0-63BD-4F94-80B3-BAFB476A1716}.Release|ARM.Build.0 = Release|iPhoneSimulator
		{D85146E0-63BD-4F94-80B3-BAFB476A1716}.Release|ARM.Deploy.0 = Release|iPhoneSimulator
		{D85146E0-63BD-4F94-80B3-BAFB476A1716}.Release|iPhone.ActiveCfg = Release|iPhone
		{D85146E0-63BD-4F94-80B3-BAFB476A1716}.Release|iPhone.Build.0 = Release|iPhone
		{D85146E0-63BD-4F94-80B3-BAFB476A1716}.Release|iPhone.Deploy.0 = Release|iPhone
		{D85146E0-63BD-4F94-80B3-BAFB476A1716}.Release|iPhoneSimulator.ActiveCfg = Release|iPhoneSimulator
		{D85146E0-63BD-4F94-80B3-BAFB476A1716}.Release|iPhoneSimulator.Build.0 = Release|iPhoneSimulator
		{D85146E0-63BD-4F94-80B3-BAFB476A1716}.Release|iPhoneSimulator.Deploy.0 = Release|iPhoneSimulator
		{D85146E0-63BD-4F94-80B3-BAFB476A1716}.Release|x64.ActiveCfg = Release|iPhoneSimulator
		{D85146E0-63BD-4F94-80B3-BAFB476A1716}.Release|x64.Build.0 = Release|iPhoneSimulator
		{D85146E0-63BD-4F94-80B3-BAFB476A1716}.Release|x64.Deploy.0 = Release|iPhoneSimulator
		{D85146E0-63BD-4F94-80B3-BAFB476A1716}.Release|x86.ActiveCfg = Release|iPhoneSimulator
		{D85146E0-63BD-4F94-80B3-BAFB476A1716}.Release|x86.Build.0 = Release|iPhoneSimulator
		{D85146E0-63BD-4F94-80B3-BAFB476A1716}.Release|x86.Deploy.0 = Release|iPhoneSimulator
		{64A2591D-36F2-444B-8861-2F6798141525}.Debug|Any CPU.ActiveCfg = Debug|Any CPU
		{64A2591D-36F2-444B-8861-2F6798141525}.Debug|Any CPU.Build.0 = Debug|Any CPU
		{64A2591D-36F2-444B-8861-2F6798141525}.Debug|Any CPU.Deploy.0 = Debug|Any CPU
		{64A2591D-36F2-444B-8861-2F6798141525}.Debug|ARM.ActiveCfg = Debug|Any CPU
		{64A2591D-36F2-444B-8861-2F6798141525}.Debug|ARM.Build.0 = Debug|Any CPU
		{64A2591D-36F2-444B-8861-2F6798141525}.Debug|ARM.Deploy.0 = Debug|Any CPU
		{64A2591D-36F2-444B-8861-2F6798141525}.Debug|iPhone.ActiveCfg = Debug|Any CPU
		{64A2591D-36F2-444B-8861-2F6798141525}.Debug|iPhone.Build.0 = Debug|Any CPU
		{64A2591D-36F2-444B-8861-2F6798141525}.Debug|iPhone.Deploy.0 = Debug|Any CPU
		{64A2591D-36F2-444B-8861-2F6798141525}.Debug|iPhoneSimulator.ActiveCfg = Debug|Any CPU
		{64A2591D-36F2-444B-8861-2F6798141525}.Debug|iPhoneSimulator.Build.0 = Debug|Any CPU
		{64A2591D-36F2-444B-8861-2F6798141525}.Debug|iPhoneSimulator.Deploy.0 = Debug|Any CPU
		{64A2591D-36F2-444B-8861-2F6798141525}.Debug|x64.ActiveCfg = Debug|Any CPU
		{64A2591D-36F2-444B-8861-2F6798141525}.Debug|x64.Build.0 = Debug|Any CPU
		{64A2591D-36F2-444B-8861-2F6798141525}.Debug|x64.Deploy.0 = Debug|Any CPU
		{64A2591D-36F2-444B-8861-2F6798141525}.Debug|x86.ActiveCfg = Debug|Any CPU
		{64A2591D-36F2-444B-8861-2F6798141525}.Debug|x86.Build.0 = Debug|Any CPU
		{64A2591D-36F2-444B-8861-2F6798141525}.Debug|x86.Deploy.0 = Debug|Any CPU
		{64A2591D-36F2-444B-8861-2F6798141525}.Release|Any CPU.ActiveCfg = Release|Any CPU
		{64A2591D-36F2-444B-8861-2F6798141525}.Release|Any CPU.Build.0 = Release|Any CPU
		{64A2591D-36F2-444B-8861-2F6798141525}.Release|Any CPU.Deploy.0 = Release|Any CPU
		{64A2591D-36F2-444B-8861-2F6798141525}.Release|ARM.ActiveCfg = Release|Any CPU
		{64A2591D-36F2-444B-8861-2F6798141525}.Release|ARM.Build.0 = Release|Any CPU
		{64A2591D-36F2-444B-8861-2F6798141525}.Release|ARM.Deploy.0 = Release|Any CPU
		{64A2591D-36F2-444B-8861-2F6798141525}.Release|iPhone.ActiveCfg = Release|Any CPU
		{64A2591D-36F2-444B-8861-2F6798141525}.Release|iPhone.Build.0 = Release|Any CPU
		{64A2591D-36F2-444B-8861-2F6798141525}.Release|iPhone.Deploy.0 = Release|Any CPU
		{64A2591D-36F2-444B-8861-2F6798141525}.Release|iPhoneSimulator.ActiveCfg = Release|Any CPU
		{64A2591D-36F2-444B-8861-2F6798141525}.Release|iPhoneSimulator.Build.0 = Release|Any CPU
		{64A2591D-36F2-444B-8861-2F6798141525}.Release|iPhoneSimulator.Deploy.0 = Release|Any CPU
		{64A2591D-36F2-444B-8861-2F6798141525}.Release|x64.ActiveCfg = Release|Any CPU
		{64A2591D-36F2-444B-8861-2F6798141525}.Release|x64.Build.0 = Release|Any CPU
		{64A2591D-36F2-444B-8861-2F6798141525}.Release|x64.Deploy.0 = Release|Any CPU
		{64A2591D-36F2-444B-8861-2F6798141525}.Release|x86.ActiveCfg = Release|Any CPU
		{64A2591D-36F2-444B-8861-2F6798141525}.Release|x86.Build.0 = Release|Any CPU
		{64A2591D-36F2-444B-8861-2F6798141525}.Release|x86.Deploy.0 = Release|Any CPU
	EndGlobalSection
	GlobalSection(SolutionProperties) = preSolution
		HideSolutionNode = FALSE
	EndGlobalSection
	GlobalSection(ExtensibilityGlobals) = postSolution
		SolutionGuid = {1BA6FDE5-8480-4C3F-95CD-586476996516}
	EndGlobalSection
EndGlobal
